<?xml version="1.0" encoding="utf-8"?>
<Project ToolsVersion="4.0" xmlns="http://schemas.microsoft.com/developer/msbuild/2003">
  <ItemGroup>
    <Filter Include="Source Files">
      <UniqueIdentifier>{4FC737F1-C7A5-4376-A066-2A32D752A2FF}</UniqueIdentifier>
      <Extensions>cpp;c;cc;cxx;def;odl;idl;hpj;bat;asm;asmx</Extensions>
    </Filter>
    <Filter Include="Header Files">
      <UniqueIdentifier>{93995380-89BD-4b04-88EB-625FBE52EBFB}</UniqueIdentifier>
      <Extensions>h;hh;hpp;hxx;hm;inl;inc;xsd</Extensions>
    </Filter>
    <Filter Include="Resource Files">
      <UniqueIdentifier>{D9D6E242-F8AF-46E4-B9FD-80ECBC20BA3E}</UniqueIdentifier>
      <Extensions>qrc;*</Extensions>
      <ParseFiles>false</ParseFiles>
    </Filter>
    <Filter Include="Form Files">
      <UniqueIdentifier>{99349809-55BA-4b9d-BF79-8FDBB0286EB3}</UniqueIdentifier>
      <Extensions>ui</Extensions>
    </Filter>
    <Filter Include="Resource Files">
      <UniqueIdentifier>{D9D6E242-F8AF-46E4-B9FD-80ECBC20BA3E}</UniqueIdentifier>
      <Extensions>qrc;*</Extensions>
      <ParseFiles>false</ParseFiles>
    </Filter>
    <Filter Include="Generated Files">
      <UniqueIdentifier>{71ED8ED8-ACB9-4CE9-BBE1-E00B30144E11}</UniqueIdentifier>
      <Extensions>moc;h;cpp</Extensions>
      <SourceControlFiles>False</SourceControlFiles>
    </Filter>
    <Filter Include="Generated Files\Debug">
      <UniqueIdentifier>{ecd665e8-f1c2-4c68-aa5c-64035a5e9e58}</UniqueIdentifier>
      <Extensions>cpp;moc</Extensions>
      <SourceControlFiles>False</SourceControlFiles>
    </Filter>
    <Filter Include="Generated Files\Release">
      <UniqueIdentifier>{f9fbd6d0-fe20-48e8-b714-970f8ace29eb}</UniqueIdentifier>
      <Extensions>cpp;moc</Extensions>
      <SourceControlFiles>False</SourceControlFiles>
    </Filter>
    <Filter Include="Translation Files">
      <UniqueIdentifier>{639EADAA-A684-42e4-A9AD-28FC9BCB8F7C}</UniqueIdentifier>
      <Extensions>ts</Extensions>
      <ParseFiles>false</ParseFiles>
    </Filter>
    <Filter Include="view">
      <UniqueIdentifier>{061db2ca-a111-474b-863f-f9cf04122f28}</UniqueIdentifier>
    </Filter>
    <Filter Include="controller">
      <UniqueIdentifier>{71d0e5fc-c9af-43d5-bc03-6692ba7dd2b8}</UniqueIdentifier>
    </Filter>
    <Filter Include="view\mainframe">
      <UniqueIdentifier>{5974e951-ff48-4bc2-ba20-4373cb6e2e0e}</UniqueIdentifier>
    </Filter>
    <Filter Include="view\login">
      <UniqueIdentifier>{ecd2f157-2172-49f8-99fe-52ab48d5dd09}</UniqueIdentifier>
    </Filter>
    <Filter Include="view\commonui">
      <UniqueIdentifier>{89209f32-3808-4cae-946e-148c3de66b34}</UniqueIdentifier>
    </Filter>
    <Filter Include="common">
      <UniqueIdentifier>{e3380cda-c0ba-4e45-949c-60b6c33c6df3}</UniqueIdentifier>
    </Filter>
    <Filter Include="view\webview">
      <UniqueIdentifier>{ff7cb1c0-95ff-4345-9c90-d336f6eab87e}</UniqueIdentifier>
    </Filter>
    <Filter Include="meta">
      <UniqueIdentifier>{d4ed8645-222d-437f-9098-2003c4eeff8c}</UniqueIdentifier>
    </Filter>
    <Filter Include="meta\db">
      <UniqueIdentifier>{7995864d-ade3-4148-9a2d-8e38951f0a5d}</UniqueIdentifier>
    </Filter>
    <Filter Include="viewsignalmanager">
      <UniqueIdentifier>{2cbe2c2e-d79d-45ca-898e-417ec6993d46}</UniqueIdentifier>
    </Filter>
  </ItemGroup>
  <ItemGroup>
    <ClCompile Include="main.cpp">
      <Filter>Source Files</Filter>
    </ClCompile>
    <ClCompile Include="GeneratedFiles\qrc_fml.cpp">
      <Filter>Generated Files</Filter>
    </ClCompile>
    <ClCompile Include="GeneratedFiles\Debug\moc_qdbmgr.cpp">
      <Filter>Generated Files\Debug</Filter>
    </ClCompile>
    <ClCompile Include="GeneratedFiles\Release\moc_qdbmgr.cpp">
      <Filter>Generated Files\Release</Filter>
    </ClCompile>
    <ClCompile Include="meta\databases\qdbmgr.cpp">
      <Filter>meta\db</Filter>
    </ClCompile>
    <ClCompile Include="GeneratedFiles\Debug\moc_qcontrollermanager.cpp">
      <Filter>Generated Files\Debug</Filter>
    </ClCompile>
    <ClCompile Include="GeneratedFiles\Release\moc_qcontrollermanager.cpp">
      <Filter>Generated Files\Release</Filter>
    </ClCompile>
    <ClCompile Include="controller\qcontrollermanager.cpp">
      <Filter>controller</Filter>
    </ClCompile>
    <ClCompile Include="controller\LoginController.cpp">
      <Filter>controller</Filter>
    </ClCompile>
    <ClCompile Include="include\util\datatype.cpp">
      <Filter>common</Filter>
    </ClCompile>
    <ClCompile Include="include\inc\controller_interface.cpp">
      <Filter>controller</Filter>
    </ClCompile>
    <ClCompile Include="view\commonui\idbimagelabel.cpp">
      <Filter>view\commonui</Filter>
    </ClCompile>
    <ClCompile Include="GeneratedFiles\Debug\moc_idbimagelabel.cpp">
      <Filter>Generated Files\Debug</Filter>
    </ClCompile>
    <ClCompile Include="GeneratedFiles\Release\moc_idbimagelabel.cpp">
      <Filter>Generated Files\Release</Filter>
    </ClCompile>
    <ClCompile Include="view\commonui\idbresource.cpp">
      <Filter>view\commonui</Filter>
    </ClCompile>
    <ClCompile Include="view\commonui\title_widget.cpp">
      <Filter>view\commonui</Filter>
    </ClCompile>
    <ClCompile Include="GeneratedFiles\Debug\moc_title_widget.cpp">
      <Filter>Generated Files\Debug</Filter>
    </ClCompile>
    <ClCompile Include="GeneratedFiles\Release\moc_title_widget.cpp">
      <Filter>Generated Files\Release</Filter>
    </ClCompile>
    <ClCompile Include="view\commonui\view_basicui.cpp">
      <Filter>view\commonui</Filter>
    </ClCompile>
    <ClCompile Include="GeneratedFiles\Debug\moc_view_basicui.cpp">
      <Filter>Generated Files\Debug</Filter>
    </ClCompile>
    <ClCompile Include="GeneratedFiles\Release\moc_view_basicui.cpp">
      <Filter>Generated Files\Release</Filter>
    </ClCompile>
    <ClCompile Include="include\util\util.cpp">
      <Filter>common</Filter>
    </ClCompile>
    <ClCompile Include="view\commonui\idbimagebutton.cpp">
      <Filter>view\commonui</Filter>
    </ClCompile>
    <ClCompile Include="GeneratedFiles\Debug\moc_idbimagebutton.cpp">
      <Filter>Generated Files\Debug</Filter>
    </ClCompile>
    <ClCompile Include="GeneratedFiles\Release\moc_idbimagebutton.cpp">
      <Filter>Generated Files\Release</Filter>
    </ClCompile>
    <ClCompile Include="view\view_controller.cpp">
      <Filter>view</Filter>
    </ClCompile>
    <ClCompile Include="GeneratedFiles\Debug\moc_view_controller.cpp">
      <Filter>Generated Files\Debug</Filter>
    </ClCompile>
    <ClCompile Include="GeneratedFiles\Release\moc_view_controller.cpp">
      <Filter>Generated Files\Release</Filter>
    </ClCompile>
    <ClCompile Include="GeneratedFiles\Debug\moc_login.cpp">
      <Filter>Generated Files\Debug</Filter>
    </ClCompile>
    <ClCompile Include="GeneratedFiles\Release\moc_login.cpp">
      <Filter>Generated Files\Release</Filter>
    </ClCompile>
    <ClCompile Include="view\login\login.cpp">
      <Filter>view\login</Filter>
    </ClCompile>
    <ClCompile Include="view\mainframe\fml.cpp">
      <Filter>view\mainframe</Filter>
    </ClCompile>
    <ClCompile Include="GeneratedFiles\Debug\moc_fml.cpp">
      <Filter>Generated Files\Debug</Filter>
    </ClCompile>
    <ClCompile Include="GeneratedFiles\Release\moc_fml.cpp">
      <Filter>Generated Files\Release</Filter>
    </ClCompile>
    <ClCompile Include="qmpreload.cpp">
      <Filter>Source Files</Filter>
    </ClCompile>
    <ClCompile Include="GeneratedFiles\Debug\moc_qmpreload.cpp">
      <Filter>Generated Files\Debug</Filter>
    </ClCompile>
    <ClCompile Include="GeneratedFiles\Release\moc_qmpreload.cpp">
      <Filter>Generated Files\Release</Filter>
    </ClCompile>
    <ClCompile Include="include\util\crash_hook.cpp">
      <Filter>common</Filter>
    </ClCompile>
    <ClCompile Include="view\commonui\drop_widget.cpp">
      <Filter>view\commonui</Filter>
    </ClCompile>
    <ClCompile Include="GeneratedFiles\Debug\moc_drop_widget.cpp">
      <Filter>Generated Files\Debug</Filter>
    </ClCompile>
    <ClCompile Include="GeneratedFiles\Release\moc_drop_widget.cpp">
      <Filter>Generated Files\Release</Filter>
    </ClCompile>
    <ClCompile Include="view\commonui\message_box_widget.cpp">
      <Filter>view\commonui</Filter>
    </ClCompile>
    <ClCompile Include="GeneratedFiles\Debug\moc_message_box_widget.cpp">
      <Filter>Generated Files\Debug</Filter>
    </ClCompile>
    <ClCompile Include="GeneratedFiles\Release\moc_message_box_widget.cpp">
      <Filter>Generated Files\Release</Filter>
    </ClCompile>
    <ClCompile Include="view\commonui\winparameter.cpp">
      <Filter>view\commonui</Filter>
    </ClCompile>
    <ClCompile Include="controller\DemoController.cpp">
      <Filter>controller</Filter>
    </ClCompile>
    <ClCompile Include="GeneratedFiles\Debug\moc_democrawler.cpp">
      <Filter>Generated Files\Debug</Filter>
    </ClCompile>
    <ClCompile Include="GeneratedFiles\Release\moc_democrawler.cpp">
      <Filter>Generated Files\Release</Filter>
    </ClCompile>
    <ClCompile Include="controller\democrawler.cpp">
      <Filter>controller</Filter>
    </ClCompile>
    <ClCompile Include="view\webview\basewebchannel.cpp">
      <Filter>view\webview</Filter>
    </ClCompile>
    <ClCompile Include="GeneratedFiles\Debug\moc_basewebchannel.cpp">
      <Filter>Generated Files\Debug</Filter>
    </ClCompile>
    <ClCompile Include="GeneratedFiles\Release\moc_basewebchannel.cpp">
      <Filter>Generated Files\Release</Filter>
    </ClCompile>
    <ClCompile Include="view\webview\basewebengineview.cpp">
      <Filter>view\webview</Filter>
    </ClCompile>
    <ClCompile Include="GeneratedFiles\Debug\moc_basewebengineview.cpp">
      <Filter>Generated Files\Debug</Filter>
    </ClCompile>
    <ClCompile Include="GeneratedFiles\Release\moc_basewebengineview.cpp">
      <Filter>Generated Files\Release</Filter>
    </ClCompile>
    <ClCompile Include="view\webview\webenginepage.cpp">
      <Filter>view\webview</Filter>
    </ClCompile>
    <ClCompile Include="GeneratedFiles\Debug\moc_webenginepage.cpp">
      <Filter>Generated Files\Debug</Filter>
    </ClCompile>
    <ClCompile Include="GeneratedFiles\Release\moc_webenginepage.cpp">
      <Filter>Generated Files\Release</Filter>
    </ClCompile>
    <ClCompile Include="view\webview\websocketclientwrapper.cpp">
      <Filter>view\webview</Filter>
    </ClCompile>
    <ClCompile Include="GeneratedFiles\Debug\moc_websocketclientwrapper.cpp">
      <Filter>Generated Files\Debug</Filter>
    </ClCompile>
    <ClCompile Include="GeneratedFiles\Release\moc_websocketclientwrapper.cpp">
      <Filter>Generated Files\Release</Filter>
    </ClCompile>
    <ClCompile Include="view\webview\websockettransport.cpp">
      <Filter>view\webview</Filter>
    </ClCompile>
    <ClCompile Include="GeneratedFiles\Debug\moc_websockettransport.cpp">
      <Filter>Generated Files\Debug</Filter>
    </ClCompile>
    <ClCompile Include="GeneratedFiles\Release\moc_websockettransport.cpp">
      <Filter>Generated Files\Release</Filter>
    </ClCompile>
    <ClCompile Include="view\webview\webviewsever.cpp">
      <Filter>view\webview</Filter>
    </ClCompile>
    <ClCompile Include="GeneratedFiles\Debug\moc_webviewsever.cpp">
      <Filter>Generated Files\Debug</Filter>
    </ClCompile>
    <ClCompile Include="GeneratedFiles\Release\moc_webviewsever.cpp">
      <Filter>Generated Files\Release</Filter>
    </ClCompile>
    <ClCompile Include="controller\globalsetcontroller.cpp">
      <Filter>controller</Filter>
    </ClCompile>
    <ClCompile Include="viewsignalmanager\viewsignalmanager.cpp">
      <Filter>viewsignalmanager</Filter>
    </ClCompile>
    <ClCompile Include="GeneratedFiles\Debug\moc_viewsignalmanager.cpp">
      <Filter>Generated Files\Debug</Filter>
    </ClCompile>
    <ClCompile Include="GeneratedFiles\Release\moc_viewsignalmanager.cpp">
      <Filter>Generated Files\Release</Filter>
    </ClCompile>
    <ClCompile Include="GeneratedFiles\Debug\moc_metadatabase.cpp">
      <Filter>Generated Files\Debug</Filter>
    </ClCompile>
    <ClCompile Include="GeneratedFiles\Release\moc_metadatabase.cpp">
      <Filter>Generated Files\Release</Filter>
    </ClCompile>
    <ClCompile Include="meta\databases\metadatabase.cpp">
      <Filter>meta\db</Filter>
    </ClCompile>
    <ClCompile Include="GeneratedFiles\Debug\moc_draginouttabbar.cpp">
      <Filter>Generated Files\Debug</Filter>
    </ClCompile>
    <ClCompile Include="GeneratedFiles\Release\moc_draginouttabbar.cpp">
      <Filter>Generated Files\Release</Filter>
    </ClCompile>
    <ClCompile Include="view\commonui\draginouttabbar.cpp">
      <Filter>view\commonui</Filter>
    </ClCompile>
    <ClCompile Include="GeneratedFiles\Debug\moc_draginouttabwidget.cpp">
      <Filter>Generated Files\Debug</Filter>
    </ClCompile>
    <ClCompile Include="GeneratedFiles\Release\moc_draginouttabwidget.cpp">
      <Filter>Generated Files\Release</Filter>
    </ClCompile>
    <ClCompile Include="view\commonui\draginouttabwidget.cpp">
      <Filter>view\commonui</Filter>
    </ClCompile>
    <ClCompile Include="GeneratedFiles\qrc_skin.cpp">
      <Filter>Generated Files</Filter>
    </ClCompile>
  </ItemGroup>
  <ItemGroup>
    <CustomBuild Include="fml.qrc">
      <Filter>Resource Files</Filter>
    </CustomBuild>
    <CustomBuild Include="meta\databases\qdbmgr.h">
      <Filter>meta\db</Filter>
    </CustomBuild>
    <CustomBuild Include="controller\qcontrollermanager.h">
      <Filter>controller</Filter>
    </CustomBuild>
    <CustomBuild Include="include\util\datatype.h">
      <Filter>common</Filter>
    </CustomBuild>
    <CustomBuild Include="include\inc\controller_interface.h">
      <Filter>controller</Filter>
    </CustomBuild>
    <CustomBuild Include="controller\LoginController.h">
      <Filter>controller</Filter>
    </CustomBuild>
    <CustomBuild Include="meta\databases\db_def.h">
      <Filter>meta\db</Filter>
    </CustomBuild>
    <CustomBuild Include="include\util\pro.h">
      <Filter>common</Filter>
    </CustomBuild>
    <CustomBuild Include="view\commonui\idbimagelabel.h">
      <Filter>view\commonui</Filter>
    </CustomBuild>
    <CustomBuild Include="view\commonui\title_widget.h">
      <Filter>view\commonui</Filter>
    </CustomBuild>
    <CustomBuild Include="view\commonui\view_basicui.h">
      <Filter>view\commonui</Filter>
    </CustomBuild>
    <CustomBuild Include="view\commonui\basic.ui">
      <Filter>Form Files</Filter>
    </CustomBuild>
    <CustomBuild Include="view\commonui\idbimagebutton.h">
      <Filter>view\commonui</Filter>
    </CustomBuild>
    <CustomBuild Include="view\view_controller.h">
      <Filter>view</Filter>
    </CustomBuild>
    <CustomBuild Include="view\login\login.ui">
      <Filter>Form Files</Filter>
    </CustomBuild>
    <CustomBuild Include="view\login\login.h">
      <Filter>view\login</Filter>
    </CustomBuild>
    <CustomBuild Include="view\mainframe\fml.h">
      <Filter>view\mainframe</Filter>
    </CustomBuild>
    <CustomBuild Include="qmpreload.h">
      <Filter>Header Files</Filter>
    </CustomBuild>
    <CustomBuild Include="GeneratedFiles\ui_basic.h">
      <Filter>Generated Files</Filter>
    </CustomBuild>
    <CustomBuild Include="GeneratedFiles\ui_login.h">
      <Filter>Generated Files</Filter>
    </CustomBuild>
    <CustomBuild Include="view\winmodel.h">
      <Filter>view</Filter>
    </CustomBuild>
    <CustomBuild Include="view\commonui\idbresource.h">
      <Filter>view\commonui</Filter>
    </CustomBuild>
    <CustomBuild Include="include\util\crash_hook.h">
      <Filter>common</Filter>
    </CustomBuild>
    <CustomBuild Include="include\util\util.h">
      <Filter>common</Filter>
    </CustomBuild>
    <CustomBuild Include="view\commonui\drop_widget.h">
      <Filter>view\commonui</Filter>
    </CustomBuild>
    <CustomBuild Include="view\commonui\message_box_widget.h">
      <Filter>view\commonui</Filter>
    </CustomBuild>
    <CustomBuild Include="view\commonui\message_box_widget.ui">
      <Filter>view\commonui</Filter>
    </CustomBuild>
    <CustomBuild Include="view\mainframe\fml.ui">
      <Filter>Form Files</Filter>
    </CustomBuild>
    <CustomBuild Include="include\util\log.h">
      <Filter>Header Files</Filter>
    </CustomBuild>
    <CustomBuild Include="resource.h">
      <Filter>Header Files</Filter>
    </CustomBuild>
    <CustomBuild Include="GeneratedFiles\ui_fml.h">
      <Filter>Generated Files</Filter>
    </CustomBuild>
    <CustomBuild Include="GeneratedFiles\ui_message_box_widget.h">
      <Filter>Generated Files</Filter>
    </CustomBuild>
    <CustomBuild Include="fml_zh.ts">
      <Filter>Translation Files</Filter>
    </CustomBuild>
    <CustomBuild Include="view\commonui\winparameter.h">
      <Filter>view\commonui</Filter>
    </CustomBuild>
    <CustomBuild Include="controller\DemoController.h">
      <Filter>controller</Filter>
    </CustomBuild>
    <CustomBuild Include="controller\democrawler.h">
      <Filter>controller</Filter>
    </CustomBuild>
    <CustomBuild Include="view\webview\basewebchannel.h">
      <Filter>view\webview</Filter>
    </CustomBuild>
    <CustomBuild Include="view\webview\basewebengineview.h">
      <Filter>view\webview</Filter>
    </CustomBuild>
    <CustomBuild Include="view\webview\webenginepage.h">
      <Filter>view\webview</Filter>
    </CustomBuild>
    <CustomBuild Include="view\webview\websocketclientwrapper.h">
      <Filter>view\webview</Filter>
    </CustomBuild>
    <CustomBuild Include="view\webview\websockettransport.h">
      <Filter>view\webview</Filter>
    </CustomBuild>
    <CustomBuild Include="view\webview\webviewsever.h">
      <Filter>view\webview</Filter>
    </CustomBuild>
    <CustomBuild Include="controller\globalsetcontroller.h">
      <Filter>controller</Filter>
    </CustomBuild>
    <CustomBuild Include="viewsignalmanager\viewsignalmanager.h">
      <Filter>viewsignalmanager</Filter>
    </CustomBuild>
    <CustomBuild Include="meta\databases\metadatabase.h">
      <Filter>meta\db</Filter>
    </CustomBuild>
    <CustomBuild Include="view\commonui\draginouttabbar.h">
      <Filter>view\commonui</Filter>
    </CustomBuild>
    <CustomBuild Include="view\commonui\draginouttabwidget.h">
      <Filter>view\commonui</Filter>
    </CustomBuild>
    <CustomBuild Include="skin.qrc">
      <Filter>Resource Files</Filter>
    </CustomBuild>
  </ItemGroup>
  <ItemGroup>
    <ResourceCompile Include="FML.rc" />
  </ItemGroup>
</Project>